// !$*UTF8*$!
{
	archiveVersion = 1;
	classes = {
	};
	objectVersion = 46;
	objects = {

/* Begin PBXBuildFile section */
		1B643F0F1BF5A32D0070E7E9 /* main.m in Sources */ = {isa = PBXBuildFile; fileRef = 1B643F0E1BF5A32D0070E7E9 /* main.m */; };
		1B643F121BF5A32D0070E7E9 /* AppDelegate.m in Sources */ = {isa = PBXBuildFile; fileRef = 1B643F111BF5A32D0070E7E9 /* AppDelegate.m */; };
		1B643F151BF5A32D0070E7E9 /* ViewController.m in Sources */ = {isa = PBXBuildFile; fileRef = 1B643F141BF5A32D0070E7E9 /* ViewController.m */; };
		1B643F181BF5A32D0070E7E9 /* Main.storyboard in Resources */ = {isa = PBXBuildFile; fileRef = 1B643F161BF5A32D0070E7E9 /* Main.storyboard */; };
		1B643F1A1BF5A32D0070E7E9 /* Assets.xcassets in Resources */ = {isa = PBXBuildFile; fileRef = 1B643F191BF5A32D0070E7E9 /* Assets.xcassets */; };
		1B643F1D1BF5A32D0070E7E9 /* LaunchScreen.storyboard in Resources */ = {isa = PBXBuildFile; fileRef = 1B643F1B1BF5A32D0070E7E9 /* LaunchScreen.storyboard */; };
		1B643F281BF5A32D0070E7E9 /* calTests.m in Sources */ = {isa = PBXBuildFile; fileRef = 1B643F271BF5A32D0070E7E9 /* calTests.m */; };
		1B643F331BF5A32D0070E7E9 /* calUITests.m in Sources */ = {isa = PBXBuildFile; fileRef = 1B643F321BF5A32D0070E7E9 /* calUITests.m */; };
/* End PBXBuildFile section */

/* Begin PBXContainerItemProxy section */
		1B643F241BF5A32D0070E7E9 /* PBXContainerItemProxy */ = {
			isa = PBXContainerItemProxy;
			containerPortal = 1B643F021BF5A32D0070E7E9 /* Project object */;
			proxyType = 1;
			remoteGlobalIDString = 1B643F091BF5A32D0070E7E9;
			remoteInfo = cal;
		};
		1B643F2F1BF5A32D0070E7E9 /* PBXContainerItemProxy */ = {
			isa = PBXContainerItemProxy;
			containerPortal = 1B643F021BF5A32D0070E7E9 /* Project object */;
			proxyType = 1;
			remoteGlobalIDString = 1B643F091BF5A32D0070E7E9;
			remoteInfo = cal;
		};
/* End PBXContainerItemProxy section */

/* Begin PBXFileReference section */
		1B643F0A1BF5A32D0070E7E9 /* cal.app */ = {isa = PBXFileReference; explicitFileType = wrapper.application; includeInIndex = 0; path = cal.app; sourceTree = BUILT_PRODUCTS_DIR; };
		1B643F0E1BF5A32D0070E7E9 /* main.m */ = {isa = PBXFileReference; lastKnownFileType = sourcecode.c.objc; path = main.m; sourceTree = "<group>"; };
		1B643F101BF5A32D0070E7E9 /* AppDelegate.h */ = {isa = PBXFileReference; lastKnownFileType = sourcecode.c.h; path = AppDelegate.h; sourceTree = "<group>"; };
		1B643F111BF5A32D0070E7E9 /* AppDelegate.m */ = {isa = PBXFileReference; lastKnownFileType = sourcecode.c.objc; path = AppDelegate.m; sourceTree = "<group>"; };
		1B643F131BF5A32D0070E7E9 /* ViewController.h */ = {isa = PBXFileReference; lastKnownFileType = sourcecode.c.h; path = ViewController.h; sourceTree = "<group>"; };
		1B643F141BF5A32D0070E7E9 /* ViewController.m */ = {isa = PBXFileReference; lastKnownFileType = sourcecode.c.objc; path = ViewController.m; sourceTree = "<group>"; };
		1B643F171BF5A32D0070E7E9 /* Base */ = {isa = PBXFileReference; lastKnownFileType = file.storyboard; name = Base; path = Base.lproj/Main.storyboard; sourceTree = "<group>"; };
		1B643F191BF5A32D0070E7E9 /* Assets.xcassets */ = {isa = PBXFileReference; lastKnownFileType = folder.assetcatalog; path = Assets.xcassets; sourceTree = "<group>"; };
		1B643F1C1BF5A32D0070E7E9 /* Base */ = {isa = PBXFileReference; lastKnownFileType = file.storyboard; name = Base; path = Base.lproj/LaunchScreen.storyboard; sourceTree = "<group>"; };
		1B643F1E1BF5A32D0070E7E9 /* Info.plist */ = {isa = PBXFileReference; lastKnownFileType = text.plist.xml; path = Info.plist; sourceTree = "<group>"; };
		1B643F231BF5A32D0070E7E9 /* calTests.xctest */ = {isa = PBXFileReference; explicitFileType = wrapper.cfbundle; includeInIndex = 0; path = calTests.xctest; sourceTree = BUILT_PRODUCTS_DIR; };
		1B643F271BF5A32D0070E7E9 /* calTests.m */ = {isa = PBXFileReference; lastKnownFileType = sourcecode.c.objc; path = calTests.m; sourceTree = "<group>"; };
		1B643F291BF5A32D0070E7E9 /* Info.plist */ = {isa = PBXFileReference; lastKnownFileType = text.plist.xml; path = Info.plist; sourceTree = "<group>"; };
		1B643F2E1BF5A32D0070E7E9 /* calUITests.xctest */ = {isa = PBXFileReference; explicitFileType = wrapper.cfbundle; includeInIndex = 0; path = calUITests.xctest; sourceTree = BUILT_PRODUCTS_DIR; };
		1B643F321BF5A32D0070E7E9 /* calUITests.m */ = {isa = PBXFileReference; lastKnownFileType = sourcecode.c.objc; path = calUITests.m; sourceTree = "<group>"; };
		1B643F341BF5A32D0070E7E9 /* Info.plist */ = {isa = PBXFileReference; lastKnownFileType = text.plist.xml; path = Info.plist; sourceTree = "<group>"; };
/* End PBXFileReference section */

/* Begin PBXFrameworksBuildPhase section */
		1B643F071BF5A32D0070E7E9 /* Frameworks */ = {
			isa = PBXFrameworksBuildPhase;
			buildActionMask = 2147483647;
			files = (
			);
			runOnlyForDeploymentPostprocessing = 0;
		};
		1B643F201BF5A32D0070E7E9 /* Frameworks */ = {
			isa = PBXFrameworksBuildPhase;
			buildActionMask = 2147483647;
			files = (
			);
			runOnlyForDeploymentPostprocessing = 0;
		};
		1B643F2B1BF5A32D0070E7E9 /* Frameworks */ = {
			isa = PBXFrameworksBuildPhase;
			buildActionMask = 2147483647;
			files = (
			);
			runOnlyForDeploymentPostprocessing = 0;
		};
/* End PBXFrameworksBuildPhase section */

/* Begin PBXGroup section */
		1B643F011BF5A32D0070E7E9 = {
			isa = PBXGroup;
			children = (
				1B643F0C1BF5A32D0070E7E9 /* cal */,
				1B643F261BF5A32D0070E7E9 /* calTests */,
				1B643F311BF5A32D0070E7E9 /* calUITests */,
				1B643F0B1BF5A32D0070E7E9 /* Products */,
			);
			sourceTree = "<group>";
		};
		1B643F0B1BF5A32D0070E7E9 /* Products */ = {
			isa = PBXGroup;
			children = (
				1B643F0A1BF5A32D0070E7E9 /* cal.app */,
				1B643F231BF5A32D0070E7E9 /* calTests.xctest */,
				1B643F2E1BF5A32D0070E7E9 /* calUITests.xctest */,
			);
			name = Products;
			sourceTree = "<group>";
		};
		1B643F0C1BF5A32D0070E7E9 /* cal */ = {
			isa = PBXGroup;
			children = (
				1B643F101BF5A32D0070E7E9 /* AppDelegate.h */,
				1B643F111BF5A32D0070E7E9 /* AppDelegate.m */,
				1B643F131BF5A32D0070E7E9 /* ViewController.h */,
				1B643F141BF5A32D0070E7E9 /* ViewController.m */,
				1B643F161BF5A32D0070E7E9 /* Main.storyboard */,
				1B643F191BF5A32D0070E7E9 /* Assets.xcassets */,
				1B643F1B1BF5A32D0070E7E9 /* LaunchScreen.storyboard */,
				1B643F1E1BF5A32D0070E7E9 /* Info.plist */,
				1B643F0D1BF5A32D0070E7E9 /* Supporting Files */,
			);
			path = cal;
			sourceTree = "<group>";
		};
		1B643F0D1BF5A32D0070E7E9 /* Supporting Files */ = {
			isa = PBXGroup;
			children = (
				1B643F0E1BF5A32D0070E7E9 /* main.m */,
			);
			name = "Supporting Files";
			sourceTree = "<group>";
		};
		1B643F261BF5A32D0070E7E9 /* calTests */ = {
			isa = PBXGroup;
			children = (
				1B643F271BF5A32D0070E7E9 /* calTests.m */,
				1B643F291BF5A32D0070E7E9 /* Info.plist */,
			);
			path = calTests;
			sourceTree = "<group>";
		};
		1B643F311BF5A32D0070E7E9 /* calUITests */ = {
			isa = PBXGroup;
			children = (
				1B643F321BF5A32D0070E7E9 /* calUITests.m */,
				1B643F341BF5A32D0070E7E9 /* Info.plist */,
			);
			path = calUITests;
			sourceTree = "<group>";
		};
/* End PBXGroup section */

/* Begin PBXNativeTarget section */
		1B643F091BF5A32D0070E7E9 /* cal */ = {
			isa = PBXNativeTarget;
			buildConfigurationList = 1B643F371BF5A32D0070E7E9 /* Build configuration list for PBXNativeTarget "cal" */;
			buildPhases = (
				1B643F061BF5A32D0070E7E9 /* Sources */,
				1B643F071BF5A32D0070E7E9 /* Frameworks */,
				1B643F081BF5A32D0070E7E9 /* Resources */,
			);
			buildRules = (
			);
			dependencies = (
			);
			name = cal;
			productName = cal;
			productReference = 1B643F0A1BF5A32D0070E7E9 /* cal.app */;
			productType = "com.apple.product-type.application";
		};
		1B643F221BF5A32D0070E7E9 /* calTests */ = {
			isa = PBXNativeTarget;
			buildConfigurationList = 1B643F3A1BF5A32D0070E7E9 /* Build configuration list for PBXNativeTarget "calTests" */;
			buildPhases = (
				1B643F1F1BF5A32D0070E7E9 /* Sources */,
				1B643F201BF5A32D0070E7E9 /* Frameworks */,
				1B643F211BF5A32D0070E7E9 /* Resources */,
			);
			buildRules = (
			);
			dependencies = (
				1B643F251BF5A32D0070E7E9 /* PBXTargetDependency */,
			);
			name = calTests;
			productName = calTests;
			productReference = 1B643F231BF5A32D0070E7E9 /* calTests.xctest */;
			productType = "com.apple.product-type.bundle.unit-test";
		};
		1B643F2D1BF5A32D0070E7E9 /* calUITests */ = {
			isa = PBXNativeTarget;
			buildConfigurationList = 1B643F3D1BF5A32D0070E7E9 /* Build configuration list for PBXNativeTarget "calUITests" */;
			buildPhases = (
				1B643F2A1BF5A32D0070E7E9 /* Sources */,
				1B643F2B1BF5A32D0070E7E9 /* Frameworks */,
				1B643F2C1BF5A32D0070E7E9 /* Resources */,
			);
			buildRules = (
			);
			dependencies = (
				1B643F301BF5A32D0070E7E9 /* PBXTargetDependency */,
			);
			name = calUITests;
			productName = calUITests;
			productReference = 1B643F2E1BF5A32D0070E7E9 /* calUITests.xctest */;
			productType = "com.apple.product-type.bundle.ui-testing";
		};
/* End PBXNativeTarget section */

/* Begin PBXProject section */
		1B643F021BF5A32D0070E7E9 /* Project object */ = {
			isa = PBXProject;
			attributes = {
				LastUpgradeCheck = 0700;
				ORGANIZATIONNAME = "関口流星";
				TargetAttributes = {
					1B643F091BF5A32D0070E7E9 = {
						CreatedOnToolsVersion = 7.0.1;
					};
					1B643F221BF5A32D0070E7E9 = {
						CreatedOnToolsVersion = 7.0.1;
						TestTargetID = 1B643F091BF5A32D0070E7E9;
					};
					1B643F2D1BF5A32D0070E7E9 = {
						CreatedOnToolsVersion = 7.0.1;
						TestTargetID = 1B643F091BF5A32D0070E7E9;
					};
				};
			};
			buildConfigurationList = 1B643F051BF5A32D0070E7E9 /* Build configuration list for PBXProject "cal" */;
			compatibilityVersion = "Xcode 3.2";
			developmentRegion = English;
			hasScannedForEncodings = 0;
			knownRegions = (
				en,
				Base,
			);
			mainGroup = 1B643F011BF5A32D0070E7E9;
			productRefGroup = 1B643F0B1BF5A32D0070E7E9 /* Products */;
			projectDirPath = "";
			projectRoot = "";
			targets = (
				1B643F091BF5A32D0070E7E9 /* cal */,
				1B643F221BF5A32D0070E7E9 /* calTests */,
				1B643F2D1BF5A32D0070E7E9 /* calUITests */,
			);
		};
/* End PBXProject section */

/* Begin PBXResourcesBuildPhase section */
		1B643F081BF5A32D0070E7E9 /* Resources */ = {
			isa = PBXResourcesBuildPhase;
			buildActionMask = 2147483647;
			files = (
				1B643F1D1BF5A32D0070E7E9 /* LaunchScreen.storyboard in Resources */,
				1B643F1A1BF5A32D0070E7E9 /* Assets.xcassets in Resources */,
				1B643F181BF5A32D0070E7E9 /* Main.storyboard in Resources */,
			);
			runOnlyForDeploymentPostprocessing = 0;
		};
		1B643F211BF5A32D0070E7E9 /* Resources */ = {
			isa = PBXResourcesBuildPhase;
			buildActionMask = 2147483647;
			files = (
			);
			runOnlyForDeploymentPostprocessing = 0;
		};
		1B643F2C1BF5A32D0070E7E9 /* Resources */ = {
			isa = PBXResourcesBuildPhase;
			buildActionMask = 2147483647;
			files = (
			);
			runOnlyForDeploymentPostprocessing = 0;
		};
/* End PBXResourcesBuildPhase section */

/* Begin PBXSourcesBuildPhase section */
		1B643F061BF5A32D0070E7E9 /* Sources */ = {
			isa = PBXSourcesBuildPhase;
			buildActionMask = 2147483647;
			files = (
				1B643F151BF5A32D0070E7E9 /* ViewController.m in Sources */,
				1B643F121BF5A32D0070E7E9 /* AppDelegate.m in Sources */,
				1B643F0F1BF5A32D0070E7E9 /* main.m in Sources */,
			);
			runOnlyForDeploymentPostprocessing = 0;
		};
		1B643F1F1BF5A32D0070E7E9 /* Sources */ = {
			isa = PBXSourcesBuildPhase;
			buildActionMask = 2147483647;
			files = (
				1B643F281BF5A32D0070E7E9 /* calTests.m in Sources */,
			);
			runOnlyForDeploymentPostprocessing = 0;
		};
		1B643F2A1BF5A32D0070E7E9 /* Sources */ = {
			isa = PBXSourcesBuildPhase;
			buildActionMask = 2147483647;
			files = (
				1B643F331BF5A32D0070E7E9 /* calUITests.m in Sources */,
			);
			runOnlyForDeploymentPostprocessing = 0;
		};
/* End PBXSourcesBuildPhase section */

/* Begin PBXTargetDependency section */
		1B643F251BF5A32D0070E7E9 /* PBXTargetDependency */ = {
			isa = PBXTargetDependency;
			target = 1B643F091BF5A32D0070E7E9 /* cal */;
			targetProxy = 1B643F241BF5A32D0070E7E9 /* PBXContainerItemProxy */;
		};
		1B643F301BF5A32D0070E7E9 /* PBXTargetDependency */ = {
			isa = PBXTargetDependency;
			target = 1B643F091BF5A32D0070E7E9 /* cal */;
			targetProxy = 1B643F2F1BF5A32D0070E7E9 /* PBXContainerItemProxy */;
		};
/* End PBXTargetDependency section */

/* Begin PBXVariantGroup section */
		1B643F161BF5A32D0070E7E9 /* Main.storyboard */ = {
			isa = PBXVariantGroup;
			children = (
				1B643F171BF5A32D0070E7E9 /* Base */,
			);
			name = Main.storyboard;
			sourceTree = "<group>";
		};
		1B643F1B1BF5A32D0070E7E9 /* LaunchScreen.storyboard */ = {
			isa = PBXVariantGroup;
			children = (
				1B643F1C1BF5A32D0070E7E9 /* Base */,
			);
			name = LaunchScreen.storyboard;
			sourceTree = "<group>";
		};
/* End PBXVariantGroup section */

/* Begin XCBuildConfiguration section */
		1B643F351BF5A32D0070E7E9 /* Debug */ = {
			isa = XCBuildConfiguration;
			buildSettings = {
				ALWAYS_SEARCH_USER_PATHS = NO;
				CLANG_CXX_LANGUAGE_STANDARD = "gnu++0x";
				CLANG_CXX_LIBRARY = "libc++";
				CLANG_ENABLE_MODULES = YES;
				CLANG_ENABLE_OBJC_ARC = YES;
				CLANG_WARN_BOOL_CONVERSION = YES;
				CLANG_WARN_CONSTANT_CONVERSION = YES;
				CLANG_WARN_DIRECT_OBJC_ISA_USAGE = YES_ERROR;
				CLANG_WARN_EMPTY_BODY = YES;
				CLANG_WARN_ENUM_CONVERSION = YES;
				CLANG_WARN_INT_CONVERSION = YES;
				CLANG_WARN_OBJC_ROOT_CLASS = YES_ERROR;
				CLANG_WARN_UNREACHABLE_CODE = YES;
				CLANG_WARN__DUPLICATE_METHOD_MATCH = YES;
				"CODE_SIGN_IDENTITY[sdk=iphoneos*]" = "iPhone Developer";
				COPY_PHASE_STRIP = NO;
				DEBUG_INFORMATION_FORMAT = dwarf;
				ENABLE_STRICT_OBJC_MSGSEND = YES;
				ENABLE_TESTABILITY = YES;
				GCC_C_LANGUAGE_STANDARD = gnu99;
				GCC_DYNAMIC_NO_PIC = NO;
				GCC_NO_COMMON_BLOCKS = YES;
				GCC_OPTIMIZATION_LEVEL = 0;
				GCC_PREPROCESSOR_DEFINITIONS = (
					"DEBUG=1",
					"$(inherited)",
				);
				GCC_WARN_64_TO_32_BIT_CONVERSION = YES;
				GCC_WARN_ABOUT_RETURN_TYPE = YES_ERROR;
				GCC_WARN_UNDECLARED_SELECTOR = YES;
				GCC_WARN_UNINITIALIZED_AUTOS = YES_AGGRESSIVE;
				GCC_WARN_UNUSED_FUNCTION = YES;
				GCC_WARN_UNUSED_VARIABLE = YES;
				IPHONEOS_DEPLOYMENT_TARGET = 9.0;
				MTL_ENABLE_DEBUG_INFO = YES;
				ONLY_ACTIVE_ARCH = YES;
				SDKROOT = iphoneos;
			};
			name = Debug;
		};
		1B643F361BF5A32D0070E7E9 /* Release */ = {
			isa = XCBuildConfiguration;
			buildSettings = {
				ALWAYS_SEARCH_USER_PATHS = NO;
				CLANG_CXX_LANGUAGE_STANDARD = "gnu++0x";
				CLANG_CXX_LIBRARY = "libc++";
				CLANG_ENABLE_MODULES = YES;
				CLANG_ENABLE_OBJC_ARC = YES;
				CLANG_WARN_BOOL_CONVERSION = YES;
				CLANG_WARN_CONSTANT_CONVERSION = YES;
				CLANG_WARN_DIRECT_OBJC_ISA_USAGE = YES_ERROR;
				CLANG_WARN_EMPTY_BODY = YES;
				CLANG_WARN_ENUM_CONVERSION = YES;
				CLANG_WARN_INT_CONVERSION = YES;
				CLANG_WARN_OBJC_ROOT_CLASS = YES_ERROR;
				CLANG_WARN_UNREACHABLE_CODE = YES;
				CLANG_WARN__DUPLICATE_METHOD_MATCH = YES;
				"CODE_SIGN_IDENTITY[sdk=iphoneos*]" = "iPhone Developer";
				COPY_PHASE_STRIP = NO;
				DEBUG_INFORMATION_FORMAT = "dwarf-with-dsym";
				ENABLE_NS_ASSERTIONS = NO;
				ENABLE_STRICT_OBJC_MSGSEND = YES;
				GCC_C_LANGUAGE_STANDARD = gnu99;
				GCC_NO_COMMON_BLOCKS = YES;
				GCC_WARN_64_TO_32_BIT_CONVERSION = YES;
				GCC_WARN_ABOUT_RETURN_TYPE = YES_ERROR;
				GCC_WARN_UNDECLARED_SELECTOR = YES;
				GCC_WARN_UNINITIALIZED_AUTOS = YES_AGGRESSIVE;
				GCC_WARN_UNUSED_FUNCTION = YES;
				GCC_WARN_UNUSED_VARIABLE = YES;
				IPHONEOS_DEPLOYMENT_TARGET = 9.0;
				MTL_ENABLE_DEBUG_INFO = NO;
				SDKROOT = iphoneos;
				VALIDATE_PRODUCT = YES;
			};
			name = Release;
		};
		1B643F381BF5A32D0070E7E9 /* Debug */ = {
			isa = XCBuildConfiguration;
			buildSettings = {
				ASSETCATALOG_COMPILER_APPICON_NAME = AppIcon;
				INFOPLIST_FILE = cal/Info.plist;
				LD_RUNPATH_SEARCH_PATHS = "$(inherited) @executable_path/Frameworks";
				PRODUCT_BUNDLE_IDENTIFIER = "jp.co.yahoo.star-ryus.cal";
				PRODUCT_NAME = "$(TARGET_NAME)";
			};
			name = Debug;
		};
		1B643F391BF5A32D0070E7E9 /* Release */ = {
			isa = XCBuildConfiguration;
			buildSettings = {
				ASSETCATALOG_COMPILER_APPICON_NAME = AppIcon;
				INFOPLIST_FILE = cal/Info.plist;
				LD_RUNPATH_SEARCH_PATHS = "$(inherited) @executable_path/Frameworks";
				PRODUCT_BUNDLE_IDENTIFIER = "jp.co.yahoo.star-ryus.cal";
				PRODUCT_NAME = "$(TARGET_NAME)";
			};
			name = Release;
		};
		1B643F3B1BF5A32D0070E7E9 /* Debug */ = {
			isa = XCBuildConfiguration;
			buildSettings = {
				BUNDLE_LOADER = "$(TEST_HOST)";
				INFOPLIST_FILE = calTests/Info.plist;
				LD_RUNPATH_SEARCH_PATHS = "$(inherited) @executable_path/Frameworks @loader_path/Frameworks";
				PRODUCT_BUNDLE_IDENTIFIER = "jp.co.yahoo.star-ryus.calTests";
				PRODUCT_NAME = "$(TARGET_NAME)";
				TEST_HOST = "$(BUILT_PRODUCTS_DIR)/cal.app/cal";
			};
			name = Debug;
		};
		1B643F3C1BF5A32D0070E7E9 /* Release */ = {
			isa = XCBuildConfiguration;
			buildSettings = {
				BUNDLE_LOADER = "$(TEST_HOST)";
				INFOPLIST_FILE = calTests/Info.plist;
				LD_RUNPATH_SEARCH_PATHS = "$(inherited) @executable_path/Frameworks @loader_path/Frameworks";
				PRODUCT_BUNDLE_IDENTIFIER = "jp.co.yahoo.star-ryus.calTests";
				PRODUCT_NAME = "$(TARGET_NAME)";
				TEST_HOST = "$(BUILT_PRODUCTS_DIR)/cal.app/cal";
			};
			name = Release;
		};
		1B643F3E1BF5A32D0070E7E9 /* Debug */ = {
			isa = XCBuildConfiguration;
			buildSettings = {
				INFOPLIST_FILE = calUITests/Info.plist;
				LD_RUNPATH_SEARCH_PATHS = "$(inherited) @executable_path/Frameworks @loader_path/Frameworks";
				PRODUCT_BUNDLE_IDENTIFIER = "jp.co.yahoo.star-ryus.calUITests";
				PRODUCT_NAME = "$(TARGET_NAME)";
				TEST_TARGET_NAME = cal;
				USES_XCTRUNNER = YES;
			};
			name = Debug;
		};
		1B643F3F1BF5A32D0070E7E9 /* Release */ = {
			isa = XCBuildConfiguration;
			buildSettings = {
				INFOPLIST_FILE = calUITests/Info.plist;
				LD_RUNPATH_SEARCH_PATHS = "$(inherited) @executable_path/Frameworks @loader_path/Frameworks";
				PRODUCT_BUNDLE_IDENTIFIER = "jp.co.yahoo.star-ryus.calUITests";
				PRODUCT_NAME = "$(TARGET_NAME)";
				TEST_TARGET_NAME = cal;
				USES_XCTRUNNER = YES;
			};
			name = Release;
		};
/* End XCBuildConfiguration section */

/* Begin XCConfigurationList section */
		1B643F051BF5A32D0070E7E9 /* Build configuration list for PBXProject "cal" */ = {
			isa = XCConfigurationList;
			buildConfigurations = (
				1B643F351BF5A32D0070E7E9 /* Debug */,
				1B643F361BF5A32D0070E7E9 /* Release */,
			);
			defaultConfigurationIsVisible = 0;
			defaultConfigurationName = Release;
		};
		1B643F371BF5A32D0070E7E9 /* Build configuration list for PBXNativeTarget "cal" */ = {
			isa = XCConfigurationList;
			buildConfigurations = (
				1B643F381BF5A32D0070E7E9 /* Debug */,
				1B643F391BF5A32D0070E7E9 /* Release */,
			);
			defaultConfigurationIsVisible = 0;
		};
		1B643F3A1BF5A32D0070E7E9 /* Build configuration list for PBXNativeTarget "calTests" */ = {
			isa = XCConfigurationList;
			buildConfigurations = (
				1B643F3B1BF5A32D0070E7E9 /* Debug */,
				1B643F3C1BF5A32D0070E7E9 /* Release */,
			);
			defaultConfigurationIsVisible = 0;
		};
		1B643F3D1BF5A32D0070E7E9 /* Build configuration list for PBXNativeTarget "calUITests" */ = {
			isa = XCConfigurationList;
			buildConfigurations = (
				1B643F3E1BF5A32D0070E7E9 /* Debug */,
				1B643F3F1BF5A32D0070E7E9 /* Release */,
			);
			defaultConfigurationIsVisible = 0;
		};
/* End XCConfigurationList section */
	};
	rootObject = 1B643F021BF5A32D0070E7E9 /* Project object */;
}
